// !$*UTF8*$!
{
	archiveVersion = 1;
	classes = {
	};
	objectVersion = 48;
	objects = {

/* Begin PBXBuildFile section */
		823D275F1FA6CFA700532BD3 /* AppDelegate.m in Sources */ = {isa = PBXBuildFile; fileRef = 823D275E1FA6CFA700532BD3 /* AppDelegate.m */; };
		823D27621FA6CFA700532BD3 /* ViewController.m in Sources */ = {isa = PBXBuildFile; fileRef = 823D27611FA6CFA700532BD3 /* ViewController.m */; };
		823D27651FA6CFA700532BD3 /* Main.storyboard in Resources */ = {isa = PBXBuildFile; fileRef = 823D27631FA6CFA700532BD3 /* Main.storyboard */; };
		823D27671FA6CFA700532BD3 /* Assets.xcassets in Resources */ = {isa = PBXBuildFile; fileRef = 823D27661FA6CFA700532BD3 /* Assets.xcassets */; };
		823D276A1FA6CFA700532BD3 /* LaunchScreen.storyboard in Resources */ = {isa = PBXBuildFile; fileRef = 823D27681FA6CFA700532BD3 /* LaunchScreen.storyboard */; };
		823D276D1FA6CFA700532BD3 /* main.m in Sources */ = {isa = PBXBuildFile; fileRef = 823D276C1FA6CFA700532BD3 /* main.m */; };
		823D27771FA6CFA700532BD3 /* DXFlatTableViewTests.m in Sources */ = {isa = PBXBuildFile; fileRef = 823D27761FA6CFA700532BD3 /* DXFlatTableViewTests.m */; };
		823D27A81FA6CFCA00532BD3 /* DXFlatTransaction.m in Sources */ = {isa = PBXBuildFile; fileRef = 823D27821FA6CFC600532BD3 /* DXFlatTransaction.m */; };
		823D27A91FA6CFCA00532BD3 /* YSTableViewCell.m in Sources */ = {isa = PBXBuildFile; fileRef = 823D27831FA6CFC700532BD3 /* YSTableViewCell.m */; };
		823D27AA1FA6CFCA00532BD3 /* DXFlatTableViewHeaderFooterView.m in Sources */ = {isa = PBXBuildFile; fileRef = 823D27841FA6CFC700532BD3 /* DXFlatTableViewHeaderFooterView.m */; };
		823D27AB1FA6CFCA00532BD3 /* DXFlatTool.m in Sources */ = {isa = PBXBuildFile; fileRef = 823D27861FA6CFC700532BD3 /* DXFlatTool.m */; };
		823D27AC1FA6CFCA00532BD3 /* DXFlatFlag.mm in Sources */ = {isa = PBXBuildFile; fileRef = 823D27881FA6CFC700532BD3 /* DXFlatFlag.mm */; };
		823D27AD1FA6CFCA00532BD3 /* DXFlatAttributedDrawer.m in Sources */ = {isa = PBXBuildFile; fileRef = 823D27891FA6CFC700532BD3 /* DXFlatAttributedDrawer.m */; };
		823D27AE1FA6CFCA00532BD3 /* DXFlatTransactionGroup.m in Sources */ = {isa = PBXBuildFile; fileRef = 823D278F1FA6CFC700532BD3 /* DXFlatTransactionGroup.m */; };
		823D27AF1FA6CFCA00532BD3 /* DXFlatAttributed.m in Sources */ = {isa = PBXBuildFile; fileRef = 823D27921FA6CFC700532BD3 /* DXFlatAttributed.m */; };
		823D27B01FA6CFCA00532BD3 /* DXFlatImageAttributedDrawer.m in Sources */ = {isa = PBXBuildFile; fileRef = 823D27941FA6CFC800532BD3 /* DXFlatImageAttributedDrawer.m */; };
		823D27B11FA6CFCA00532BD3 /* DXFlatTextAttributedDrawer.m in Sources */ = {isa = PBXBuildFile; fileRef = 823D27951FA6CFC800532BD3 /* DXFlatTextAttributedDrawer.m */; };
		823D27B21FA6CFCA00532BD3 /* CALayer+DXFlatTransaction.m in Sources */ = {isa = PBXBuildFile; fileRef = 823D27971FA6CFC800532BD3 /* CALayer+DXFlatTransaction.m */; };
		823D27B31FA6CFCA00532BD3 /* DXFlatImageAttributed.m in Sources */ = {isa = PBXBuildFile; fileRef = 823D279A1FA6CFC800532BD3 /* DXFlatImageAttributed.m */; };
		823D27B41FA6CFCA00532BD3 /* DXFlatTableView.m in Sources */ = {isa = PBXBuildFile; fileRef = 823D279C1FA6CFC900532BD3 /* DXFlatTableView.m */; };
		823D27B51FA6CFCA00532BD3 /* DXFlatTextAttributed.m in Sources */ = {isa = PBXBuildFile; fileRef = 823D27A01FA6CFC900532BD3 /* DXFlatTextAttributed.m */; };
		823D27B61FA6CFCA00532BD3 /* DXFlatAsyncDisplayView.m in Sources */ = {isa = PBXBuildFile; fileRef = 823D27A11FA6CFC900532BD3 /* DXFlatAsyncDisplayView.m */; };
		823D27B71FA6CFCA00532BD3 /* DXFlatAsyncDisplayTransaction.m in Sources */ = {isa = PBXBuildFile; fileRef = 823D27A31FA6CFC900532BD3 /* DXFlatAsyncDisplayTransaction.m */; };
		823D27B81FA6CFCA00532BD3 /* DXFlatTableViewCell.m in Sources */ = {isa = PBXBuildFile; fileRef = 823D27A41FA6CFCA00532BD3 /* DXFlatTableViewCell.m */; };
		823D27B91FA6CFCA00532BD3 /* DXFlatAsyncDisplayLayer.m in Sources */ = {isa = PBXBuildFile; fileRef = 823D27A61FA6CFCA00532BD3 /* DXFlatAsyncDisplayLayer.m */; };
/* End PBXBuildFile section */

/* Begin PBXContainerItemProxy section */
		823D27731FA6CFA700532BD3 /* PBXContainerItemProxy */ = {
			isa = PBXContainerItemProxy;
			containerPortal = 823D27521FA6CFA700532BD3 /* Project object */;
			proxyType = 1;
			remoteGlobalIDString = 823D27591FA6CFA700532BD3;
			remoteInfo = DXFlatTableView;
		};
/* End PBXContainerItemProxy section */

/* Begin PBXFileReference section */
		823D275A1FA6CFA700532BD3 /* DXFlatTableView.app */ = {isa = PBXFileReference; explicitFileType = wrapper.application; includeInIndex = 0; path = DXFlatTableView.app; sourceTree = BUILT_PRODUCTS_DIR; };
		823D275D1FA6CFA700532BD3 /* AppDelegate.h */ = {isa = PBXFileReference; lastKnownFileType = sourcecode.c.h; path = AppDelegate.h; sourceTree = "<group>"; };
		823D275E1FA6CFA700532BD3 /* AppDelegate.m */ = {isa = PBXFileReference; lastKnownFileType = sourcecode.c.objc; path = AppDelegate.m; sourceTree = "<group>"; };
		823D27601FA6CFA700532BD3 /* ViewController.h */ = {isa = PBXFileReference; lastKnownFileType = sourcecode.c.h; path = ViewController.h; sourceTree = "<group>"; };
		823D27611FA6CFA700532BD3 /* ViewController.m */ = {isa = PBXFileReference; lastKnownFileType = sourcecode.c.objc; path = ViewController.m; sourceTree = "<group>"; };
		823D27641FA6CFA700532BD3 /* Base */ = {isa = PBXFileReference; lastKnownFileType = file.storyboard; name = Base; path = Base.lproj/Main.storyboard; sourceTree = "<group>"; };
		823D27661FA6CFA700532BD3 /* Assets.xcassets */ = {isa = PBXFileReference; lastKnownFileType = folder.assetcatalog; path = Assets.xcassets; sourceTree = "<group>"; };
		823D27691FA6CFA700532BD3 /* Base */ = {isa = PBXFileReference; lastKnownFileType = file.storyboard; name = Base; path = Base.lproj/LaunchScreen.storyboard; sourceTree = "<group>"; };
		823D276B1FA6CFA700532BD3 /* Info.plist */ = {isa = PBXFileReference; lastKnownFileType = text.plist.xml; path = Info.plist; sourceTree = "<group>"; };
		823D276C1FA6CFA700532BD3 /* main.m */ = {isa = PBXFileReference; lastKnownFileType = sourcecode.c.objc; path = main.m; sourceTree = "<group>"; };
		823D27721FA6CFA700532BD3 /* DXFlatTableViewTests.xctest */ = {isa = PBXFileReference; explicitFileType = wrapper.cfbundle; includeInIndex = 0; path = DXFlatTableViewTests.xctest; sourceTree = BUILT_PRODUCTS_DIR; };
		823D27761FA6CFA700532BD3 /* DXFlatTableViewTests.m */ = {isa = PBXFileReference; lastKnownFileType = sourcecode.c.objc; path = DXFlatTableViewTests.m; sourceTree = "<group>"; };
		823D27781FA6CFA700532BD3 /* Info.plist */ = {isa = PBXFileReference; lastKnownFileType = text.plist.xml; path = Info.plist; sourceTree = "<group>"; };
		823D27821FA6CFC600532BD3 /* DXFlatTransaction.m */ = {isa = PBXFileReference; fileEncoding = 4; lastKnownFileType = sourcecode.c.objc; path = DXFlatTransaction.m; sourceTree = "<group>"; };
		823D27831FA6CFC700532BD3 /* YSTableViewCell.m */ = {isa = PBXFileReference; fileEncoding = 4; lastKnownFileType = sourcecode.c.objc; path = YSTableViewCell.m; sourceTree = "<group>"; };
		823D27841FA6CFC700532BD3 /* DXFlatTableViewHeaderFooterView.m */ = {isa = PBXFileReference; fileEncoding = 4; lastKnownFileType = sourcecode.c.objc; path = DXFlatTableViewHeaderFooterView.m; sourceTree = "<group>"; };
		823D27851FA6CFC700532BD3 /* DXFlatTool.h */ = {isa = PBXFileReference; fileEncoding = 4; lastKnownFileType = sourcecode.c.h; path = DXFlatTool.h; sourceTree = "<group>"; };
		823D27861FA6CFC700532BD3 /* DXFlatTool.m */ = {isa = PBXFileReference; fileEncoding = 4; lastKnownFileType = sourcecode.c.objc; path = DXFlatTool.m; sourceTree = "<group>"; };
		823D27871FA6CFC700532BD3 /* DXFlatTableViewLayout.h */ = {isa = PBXFileReference; fileEncoding = 4; lastKnownFileType = sourcecode.c.h; path = DXFlatTableViewLayout.h; sourceTree = "<group>"; };
		823D27881FA6CFC700532BD3 /* DXFlatFlag.mm */ = {isa = PBXFileReference; fileEncoding = 4; lastKnownFileType = sourcecode.cpp.objcpp; path = DXFlatFlag.mm; sourceTree = "<group>"; };
		823D27891FA6CFC700532BD3 /* DXFlatAttributedDrawer.m */ = {isa = PBXFileReference; fileEncoding = 4; lastKnownFileType = sourcecode.c.objc; path = DXFlatAttributedDrawer.m; sourceTree = "<group>"; };
		823D278A1FA6CFC700532BD3 /* DXFlatTableViewCell.h */ = {isa = PBXFileReference; fileEncoding = 4; lastKnownFileType = sourcecode.c.h; path = DXFlatTableViewCell.h; sourceTree = "<group>"; };
		823D278B1FA6CFC700532BD3 /* CALayer+DXFlatTransaction.h */ = {isa = PBXFileReference; fileEncoding = 4; lastKnownFileType = sourcecode.c.h; path = "CALayer+DXFlatTransaction.h"; sourceTree = "<group>"; };
		823D278C1FA6CFC700532BD3 /* DXFlatAttributed.h */ = {isa = PBXFileReference; fileEncoding = 4; lastKnownFileType = sourcecode.c.h; path = DXFlatAttributed.h; sourceTree = "<group>"; };
		823D278D1FA6CFC700532BD3 /* DXFlatTableView.h */ = {isa = PBXFileReference; fileEncoding = 4; lastKnownFileType = sourcecode.c.h; path = DXFlatTableView.h; sourceTree = "<group>"; };
		823D278E1FA6CFC700532BD3 /* DXFlatTableViewHeaderFooterView.h */ = {isa = PBXFileReference; fileEncoding = 4; lastKnownFileType = sourcecode.c.h; path = DXFlatTableViewHeaderFooterView.h; sourceTree = "<group>"; };
		823D278F1FA6CFC700532BD3 /* DXFlatTransactionGroup.m */ = {isa = PBXFileReference; fileEncoding = 4; lastKnownFileType = sourcecode.c.objc; path = DXFlatTransactionGroup.m; sourceTree = "<group>"; };
		823D27901FA6CFC700532BD3 /* DXFlatImageAttributed.h */ = {isa = PBXFileReference; fileEncoding = 4; lastKnownFileType = sourcecode.c.h; path = DXFlatImageAttributed.h; sourceTree = "<group>"; };
		823D27911FA6CFC700532BD3 /* YSTableViewCell.h */ = {isa = PBXFileReference; fileEncoding = 4; lastKnownFileType = sourcecode.c.h; path = YSTableViewCell.h; sourceTree = "<group>"; };
		823D27921FA6CFC700532BD3 /* DXFlatAttributed.m */ = {isa = PBXFileReference; fileEncoding = 4; lastKnownFileType = sourcecode.c.objc; path = DXFlatAttributed.m; sourceTree = "<group>"; };
		823D27931FA6CFC800532BD3 /* DXFlat-define.h */ = {isa = PBXFileReference; fileEncoding = 4; lastKnownFileType = sourcecode.c.h; path = "DXFlat-define.h"; sourceTree = "<group>"; };
		823D27941FA6CFC800532BD3 /* DXFlatImageAttributedDrawer.m */ = {isa = PBXFileReference; fileEncoding = 4; lastKnownFileType = sourcecode.c.objc; path = DXFlatImageAttributedDrawer.m; sourceTree = "<group>"; };
		823D27951FA6CFC800532BD3 /* DXFlatTextAttributedDrawer.m */ = {isa = PBXFileReference; fileEncoding = 4; lastKnownFileType = sourcecode.c.objc; path = DXFlatTextAttributedDrawer.m; sourceTree = "<group>"; };
		823D27961FA6CFC800532BD3 /* DXFlatTextAttributed.h */ = {isa = PBXFileReference; fileEncoding = 4; lastKnownFileType = sourcecode.c.h; path = DXFlatTextAttributed.h; sourceTree = "<group>"; };
		823D27971FA6CFC800532BD3 /* CALayer+DXFlatTransaction.m */ = {isa = PBXFileReference; fileEncoding = 4; lastKnownFileType = sourcecode.c.objc; path = "CALayer+DXFlatTransaction.m"; sourceTree = "<group>"; };
		823D27981FA6CFC800532BD3 /* DXFlatAsyncDisplayTransaction.h */ = {isa = PBXFileReference; fileEncoding = 4; lastKnownFileType = sourcecode.c.h; path = DXFlatAsyncDisplayTransaction.h; sourceTree = "<group>"; };
		823D27991FA6CFC800532BD3 /* DXFlatAsyncDisplayView.h */ = {isa = PBXFileReference; fileEncoding = 4; lastKnownFileType = sourcecode.c.h; path = DXFlatAsyncDisplayView.h; sourceTree = "<group>"; };
		823D279A1FA6CFC800532BD3 /* DXFlatImageAttributed.m */ = {isa = PBXFileReference; fileEncoding = 4; lastKnownFileType = sourcecode.c.objc; path = DXFlatImageAttributed.m; sourceTree = "<group>"; };
		823D279B1FA6CFC900532BD3 /* DXFlatFlag.h */ = {isa = PBXFileReference; fileEncoding = 4; lastKnownFileType = sourcecode.c.h; path = DXFlatFlag.h; sourceTree = "<group>"; };
		823D279C1FA6CFC900532BD3 /* DXFlatTableView.m */ = {isa = PBXFileReference; fileEncoding = 4; lastKnownFileType = sourcecode.c.objc; path = DXFlatTableView.m; sourceTree = "<group>"; };
		823D279D1FA6CFC900532BD3 /* DXFlatAttributedDrawer.h */ = {isa = PBXFileReference; fileEncoding = 4; lastKnownFileType = sourcecode.c.h; path = DXFlatAttributedDrawer.h; sourceTree = "<group>"; };
		823D279E1FA6CFC900532BD3 /* DXFlatTextAttributedDrawer.h */ = {isa = PBXFileReference; fileEncoding = 4; lastKnownFileType = sourcecode.c.h; path = DXFlatTextAttributedDrawer.h; sourceTree = "<group>"; };
		823D279F1FA6CFC900532BD3 /* DXFlatImageAttributedDrawer.h */ = {isa = PBXFileReference; fileEncoding = 4; lastKnownFileType = sourcecode.c.h; path = DXFlatImageAttributedDrawer.h; sourceTree = "<group>"; };
		823D27A01FA6CFC900532BD3 /* DXFlatTextAttributed.m */ = {isa = PBXFileReference; fileEncoding = 4; lastKnownFileType = sourcecode.c.objc; path = DXFlatTextAttributed.m; sourceTree = "<group>"; };
		823D27A11FA6CFC900532BD3 /* DXFlatAsyncDisplayView.m */ = {isa = PBXFileReference; fileEncoding = 4; lastKnownFileType = sourcecode.c.objc; path = DXFlatAsyncDisplayView.m; sourceTree = "<group>"; };
		823D27A21FA6CFC900532BD3 /* DXFlatAsyncDisplayLayer.h */ = {isa = PBXFileReference; fileEncoding = 4; lastKnownFileType = sourcecode.c.h; path = DXFlatAsyncDisplayLayer.h; sourceTree = "<group>"; };
		823D27A31FA6CFC900532BD3 /* DXFlatAsyncDisplayTransaction.m */ = {isa = PBXFileReference; fileEncoding = 4; lastKnownFileType = sourcecode.c.objc; path = DXFlatAsyncDisplayTransaction.m; sourceTree = "<group>"; };
		823D27A41FA6CFCA00532BD3 /* DXFlatTableViewCell.m */ = {isa = PBXFileReference; fileEncoding = 4; lastKnownFileType = sourcecode.c.objc; path = DXFlatTableViewCell.m; sourceTree = "<group>"; };
		823D27A51FA6CFCA00532BD3 /* DXFlatTransaction.h */ = {isa = PBXFileReference; fileEncoding = 4; lastKnownFileType = sourcecode.c.h; path = DXFlatTransaction.h; sourceTree = "<group>"; };
		823D27A61FA6CFCA00532BD3 /* DXFlatAsyncDisplayLayer.m */ = {isa = PBXFileReference; fileEncoding = 4; lastKnownFileType = sourcecode.c.objc; path = DXFlatAsyncDisplayLayer.m; sourceTree = "<group>"; };
		823D27A71FA6CFCA00532BD3 /* DXFlatTransactionGroup.h */ = {isa = PBXFileReference; fileEncoding = 4; lastKnownFileType = sourcecode.c.h; path = DXFlatTransactionGroup.h; sourceTree = "<group>"; };
/* End PBXFileReference section */

/* Begin PBXFrameworksBuildPhase section */
		823D27571FA6CFA700532BD3 /* Frameworks */ = {
			isa = PBXFrameworksBuildPhase;
			buildActionMask = 2147483647;
			files = (
			);
			runOnlyForDeploymentPostprocessing = 0;
		};
		823D276F1FA6CFA700532BD3 /* Frameworks */ = {
			isa = PBXFrameworksBuildPhase;
			buildActionMask = 2147483647;
			files = (
			);
			runOnlyForDeploymentPostprocessing = 0;
		};
/* End PBXFrameworksBuildPhase section */

/* Begin PBXGroup section */
		823D27511FA6CFA700532BD3 = {
			isa = PBXGroup;
			children = (
				823D275C1FA6CFA700532BD3 /* DXFlatTableView */,
				823D27751FA6CFA700532BD3 /* DXFlatTableViewTests */,
				823D275B1FA6CFA700532BD3 /* Products */,
			);
			sourceTree = "<group>";
		};
		823D275B1FA6CFA700532BD3 /* Products */ = {
			isa = PBXGroup;
			children = (
				823D275A1FA6CFA700532BD3 /* DXFlatTableView.app */,
				823D27721FA6CFA700532BD3 /* DXFlatTableViewTests.xctest */,
			);
			name = Products;
			sourceTree = "<group>";
		};
		823D275C1FA6CFA700532BD3 /* DXFlatTableView */ = {
			isa = PBXGroup;
			children = (
				823D27811FA6CFBA00532BD3 /* T */,
				823D275D1FA6CFA700532BD3 /* AppDelegate.h */,
				823D275E1FA6CFA700532BD3 /* AppDelegate.m */,
				823D27601FA6CFA700532BD3 /* ViewController.h */,
				823D27611FA6CFA700532BD3 /* ViewController.m */,
				823D27631FA6CFA700532BD3 /* Main.storyboard */,
				823D27661FA6CFA700532BD3 /* Assets.xcassets */,
				823D27681FA6CFA700532BD3 /* LaunchScreen.storyboard */,
				823D276B1FA6CFA700532BD3 /* Info.plist */,
				823D276C1FA6CFA700532BD3 /* main.m */,
			);
			path = DXFlatTableView;
			sourceTree = "<group>";
		};
		823D27751FA6CFA700532BD3 /* DXFlatTableViewTests */ = {
			isa = PBXGroup;
			children = (
				823D27761FA6CFA700532BD3 /* DXFlatTableViewTests.m */,
				823D27781FA6CFA700532BD3 /* Info.plist */,
			);
			path = DXFlatTableViewTests;
			sourceTree = "<group>";
		};
		823D27811FA6CFBA00532BD3 /* T */ = {
			isa = PBXGroup;
			children = (
				823D27BF1FA6D09700532BD3 /* TableView */,
				823D27BE1FA6D02300532BD3 /* Transaction */,
				823D27BD1FA6CFFC00532BD3 /* Drawer */,
				823D27BC1FA6CFE800532BD3 /* Attribute */,
				823D27BA1FA6CFDB00532BD3 /* View */,
				823D27931FA6CFC800532BD3 /* DXFlat-define.h */,
				823D279B1FA6CFC900532BD3 /* DXFlatFlag.h */,
				823D27881FA6CFC700532BD3 /* DXFlatFlag.mm */,
				823D27871FA6CFC700532BD3 /* DXFlatTableViewLayout.h */,
				823D27851FA6CFC700532BD3 /* DXFlatTool.h */,
				823D27861FA6CFC700532BD3 /* DXFlatTool.m */,
				823D27911FA6CFC700532BD3 /* YSTableViewCell.h */,
				823D27831FA6CFC700532BD3 /* YSTableViewCell.m */,
			);
			path = T;
			sourceTree = "<group>";
		};
		823D27BA1FA6CFDB00532BD3 /* View */ = {
			isa = PBXGroup;
			children = (
				823D278B1FA6CFC700532BD3 /* CALayer+DXFlatTransaction.h */,
				823D27971FA6CFC800532BD3 /* CALayer+DXFlatTransaction.m */,
				823D27A21FA6CFC900532BD3 /* DXFlatAsyncDisplayLayer.h */,
				823D27A61FA6CFCA00532BD3 /* DXFlatAsyncDisplayLayer.m */,
				823D27991FA6CFC800532BD3 /* DXFlatAsyncDisplayView.h */,
				823D27A11FA6CFC900532BD3 /* DXFlatAsyncDisplayView.m */,
			);
			path = View;
			sourceTree = "<group>";
		};
		823D27BC1FA6CFE800532BD3 /* Attribute */ = {
			isa = PBXGroup;
			children = (
				823D278C1FA6CFC700532BD3 /* DXFlatAttributed.h */,
				823D27921FA6CFC700532BD3 /* DXFlatAttributed.m */,
				823D27901FA6CFC700532BD3 /* DXFlatImageAttributed.h */,
				823D279A1FA6CFC800532BD3 /* DXFlatImageAttributed.m */,
				823D27961FA6CFC800532BD3 /* DXFlatTextAttributed.h */,
				823D27A01FA6CFC900532BD3 /* DXFlatTextAttributed.m */,
			);
			path = Attribute;
			sourceTree = "<group>";
		};
		823D27BD1FA6CFFC00532BD3 /* Drawer */ = {
			isa = PBXGroup;
			children = (
				823D279D1FA6CFC900532BD3 /* DXFlatAttributedDrawer.h */,
				823D27891FA6CFC700532BD3 /* DXFlatAttributedDrawer.m */,
				823D279F1FA6CFC900532BD3 /* DXFlatImageAttributedDrawer.h */,
				823D27941FA6CFC800532BD3 /* DXFlatImageAttributedDrawer.m */,
				823D279E1FA6CFC900532BD3 /* DXFlatTextAttributedDrawer.h */,
				823D27951FA6CFC800532BD3 /* DXFlatTextAttributedDrawer.m */,
			);
			path = Drawer;
			sourceTree = "<group>";
		};
		823D27BE1FA6D02300532BD3 /* Transaction */ = {
			isa = PBXGroup;
			children = (
				823D27A71FA6CFCA00532BD3 /* DXFlatTransactionGroup.h */,
				823D278F1FA6CFC700532BD3 /* DXFlatTransactionGroup.m */,
				823D27981FA6CFC800532BD3 /* DXFlatAsyncDisplayTransaction.h */,
				823D27A31FA6CFC900532BD3 /* DXFlatAsyncDisplayTransaction.m */,
				823D27A51FA6CFCA00532BD3 /* DXFlatTransaction.h */,
				823D27821FA6CFC600532BD3 /* DXFlatTransaction.m */,
			);
			path = Transaction;
			sourceTree = "<group>";
		};
		823D27BF1FA6D09700532BD3 /* TableView */ = {
			isa = PBXGroup;
			children = (
				823D278D1FA6CFC700532BD3 /* DXFlatTableView.h */,
				823D279C1FA6CFC900532BD3 /* DXFlatTableView.m */,
				823D278A1FA6CFC700532BD3 /* DXFlatTableViewCell.h */,
				823D27A41FA6CFCA00532BD3 /* DXFlatTableViewCell.m */,
				823D278E1FA6CFC700532BD3 /* DXFlatTableViewHeaderFooterView.h */,
				823D27841FA6CFC700532BD3 /* DXFlatTableViewHeaderFooterView.m */,
			);
			path = TableView;
			sourceTree = "<group>";
		};
/* End PBXGroup section */

/* Begin PBXNativeTarget section */
		823D27591FA6CFA700532BD3 /* DXFlatTableView */ = {
			isa = PBXNativeTarget;
			buildConfigurationList = 823D277B1FA6CFA700532BD3 /* Build configuration list for PBXNativeTarget "DXFlatTableView" */;
			buildPhases = (
				823D27561FA6CFA700532BD3 /* Sources */,
				823D27571FA6CFA700532BD3 /* Frameworks */,
				823D27581FA6CFA700532BD3 /* Resources */,
			);
			buildRules = (
			);
			dependencies = (
			);
			name = DXFlatTableView;
			productName = DXFlatTableView;
			productReference = 823D275A1FA6CFA700532BD3 /* DXFlatTableView.app */;
			productType = "com.apple.product-type.application";
		};
		823D27711FA6CFA700532BD3 /* DXFlatTableViewTests */ = {
			isa = PBXNativeTarget;
			buildConfigurationList = 823D277E1FA6CFA700532BD3 /* Build configuration list for PBXNativeTarget "DXFlatTableViewTests" */;
			buildPhases = (
				823D276E1FA6CFA700532BD3 /* Sources */,
				823D276F1FA6CFA700532BD3 /* Frameworks */,
				823D27701FA6CFA700532BD3 /* Resources */,
			);
			buildRules = (
			);
			dependencies = (
				823D27741FA6CFA700532BD3 /* PBXTargetDependency */,
			);
			name = DXFlatTableViewTests;
			productName = DXFlatTableViewTests;
			productReference = 823D27721FA6CFA700532BD3 /* DXFlatTableViewTests.xctest */;
			productType = "com.apple.product-type.bundle.unit-test";
		};
/* End PBXNativeTarget section */

/* Begin PBXProject section */
		823D27521FA6CFA700532BD3 /* Project object */ = {
			isa = PBXProject;
			attributes = {
				LastUpgradeCheck = 0900;
				ORGANIZATIONNAME = yoser;
				TargetAttributes = {
					823D27591FA6CFA700532BD3 = {
						CreatedOnToolsVersion = 9.0.1;
						ProvisioningStyle = Automatic;
					};
					823D27711FA6CFA700532BD3 = {
						CreatedOnToolsVersion = 9.0.1;
						ProvisioningStyle = Automatic;
						TestTargetID = 823D27591FA6CFA700532BD3;
					};
				};
			};
			buildConfigurationList = 823D27551FA6CFA700532BD3 /* Build configuration list for PBXProject "DXFlatTableView" */;
			compatibilityVersion = "Xcode 8.0";
			developmentRegion = en;
			hasScannedForEncodings = 0;
			knownRegions = (
				en,
				Base,
			);
			mainGroup = 823D27511FA6CFA700532BD3;
			productRefGroup = 823D275B1FA6CFA700532BD3 /* Products */;
			projectDirPath = "";
			projectRoot = "";
			targets = (
				823D27591FA6CFA700532BD3 /* DXFlatTableView */,
				823D27711FA6CFA700532BD3 /* DXFlatTableViewTests */,
			);
		};
/* End PBXProject section */

/* Begin PBXResourcesBuildPhase section */
		823D27581FA6CFA700532BD3 /* Resources */ = {
			isa = PBXResourcesBuildPhase;
			buildActionMask = 2147483647;
			files = (
				823D276A1FA6CFA700532BD3 /* LaunchScreen.storyboard in Resources */,
				823D27671FA6CFA700532BD3 /* Assets.xcassets in Resources */,
				823D27651FA6CFA700532BD3 /* Main.storyboard in Resources */,
			);
			runOnlyForDeploymentPostprocessing = 0;
		};
		823D27701FA6CFA700532BD3 /* Resources */ = {
			isa = PBXResourcesBuildPhase;
			buildActionMask = 2147483647;
			files = (
			);
			runOnlyForDeploymentPostprocessing = 0;
		};
/* End PBXResourcesBuildPhase section */

/* Begin PBXSourcesBuildPhase section */
		823D27561FA6CFA700532BD3 /* Sources */ = {
			isa = PBXSourcesBuildPhase;
			buildActionMask = 2147483647;
			files = (
				823D27AB1FA6CFCA00532BD3 /* DXFlatTool.m in Sources */,
				823D27B21FA6CFCA00532BD3 /* CALayer+DXFlatTransaction.m in Sources */,
				823D27B81FA6CFCA00532BD3 /* DXFlatTableViewCell.m in Sources */,
				823D27B41FA6CFCA00532BD3 /* DXFlatTableView.m in Sources */,
				823D27B91FA6CFCA00532BD3 /* DXFlatAsyncDisplayLayer.m in Sources */,
				823D27B51FA6CFCA00532BD3 /* DXFlatTextAttributed.m in Sources */,
				823D27AF1FA6CFCA00532BD3 /* DXFlatAttributed.m in Sources */,
				823D27B31FA6CFCA00532BD3 /* DXFlatImageAttributed.m in Sources */,
				823D27621FA6CFA700532BD3 /* ViewController.m in Sources */,
				823D27AC1FA6CFCA00532BD3 /* DXFlatFlag.mm in Sources */,
				823D276D1FA6CFA700532BD3 /* main.m in Sources */,
				823D275F1FA6CFA700532BD3 /* AppDelegate.m in Sources */,
				823D27AA1FA6CFCA00532BD3 /* DXFlatTableViewHeaderFooterView.m in Sources */,
				823D27AD1FA6CFCA00532BD3 /* DXFlatAttributedDrawer.m in Sources */,
				823D27B71FA6CFCA00532BD3 /* DXFlatAsyncDisplayTransaction.m in Sources */,
				823D27A91FA6CFCA00532BD3 /* YSTableViewCell.m in Sources */,
				823D27B61FA6CFCA00532BD3 /* DXFlatAsyncDisplayView.m in Sources */,
				823D27A81FA6CFCA00532BD3 /* DXFlatTransaction.m in Sources */,
				823D27B11FA6CFCA00532BD3 /* DXFlatTextAttributedDrawer.m in Sources */,
				823D27AE1FA6CFCA00532BD3 /* DXFlatTransactionGroup.m in Sources */,
				823D27B01FA6CFCA00532BD3 /* DXFlatImageAttributedDrawer.m in Sources */,
			);
			runOnlyForDeploymentPostprocessing = 0;
		};
		823D276E1FA6CFA700532BD3 /* Sources */ = {
			isa = PBXSourcesBuildPhase;
			buildActionMask = 2147483647;
			files = (
				823D27771FA6CFA700532BD3 /* DXFlatTableViewTests.m in Sources */,
			);
			runOnlyForDeploymentPostprocessing = 0;
		};
/* End PBXSourcesBuildPhase section */

/* Begin PBXTargetDependency section */
		823D27741FA6CFA700532BD3 /* PBXTargetDependency */ = {
			isa = PBXTargetDependency;
			target = 823D27591FA6CFA700532BD3 /* DXFlatTableView */;
			targetProxy = 823D27731FA6CFA700532BD3 /* PBXContainerItemProxy */;
		};
/* End PBXTargetDependency section */

/* Begin PBXVariantGroup section */
		823D27631FA6CFA700532BD3 /* Main.storyboard */ = {
			isa = PBXVariantGroup;
			children = (
				823D27641FA6CFA700532BD3 /* Base */,
			);
			name = Main.storyboard;
			sourceTree = "<group>";
		};
		823D27681FA6CFA700532BD3 /* LaunchScreen.storyboard */ = {
			isa = PBXVariantGroup;
			children = (
				823D27691FA6CFA700532BD3 /* Base */,
			);
			name = LaunchScreen.storyboard;
			sourceTree = "<group>";
		};
/* End PBXVariantGroup section */

/* Begin XCBuildConfiguration section */
		823D27791FA6CFA700532BD3 /* Debug */ = {
			isa = XCBuildConfiguration;
			buildSettings = {
				ALWAYS_SEARCH_USER_PATHS = NO;
				CLANG_ANALYZER_NONNULL = YES;
				CLANG_ANALYZER_NUMBER_OBJECT_CONVERSION = YES_AGGRESSIVE;
				CLANG_CXX_LANGUAGE_STANDARD = "gnu++14";
				CLANG_CXX_LIBRARY = "libc++";
				CLANG_ENABLE_MODULES = YES;
				CLANG_ENABLE_OBJC_ARC = YES;
				CLANG_WARN_BLOCK_CAPTURE_AUTORELEASING = YES;
				CLANG_WARN_BOOL_CONVERSION = YES;
				CLANG_WARN_COMMA = YES;
				CLANG_WARN_CONSTANT_CONVERSION = YES;
				CLANG_WARN_DIRECT_OBJC_ISA_USAGE = YES_ERROR;
				CLANG_WARN_DOCUMENTATION_COMMENTS = YES;
				CLANG_WARN_EMPTY_BODY = YES;
				CLANG_WARN_ENUM_CONVERSION = YES;
				CLANG_WARN_INFINITE_RECURSION = YES;
				CLANG_WARN_INT_CONVERSION = YES;
				CLANG_WARN_NON_LITERAL_NULL_CONVERSION = YES;
				CLANG_WARN_OBJC_LITERAL_CONVERSION = YES;
				CLANG_WARN_OBJC_ROOT_CLASS = YES_ERROR;
				CLANG_WARN_RANGE_LOOP_ANALYSIS = YES;
				CLANG_WARN_STRICT_PROTOTYPES = YES;
				CLANG_WARN_SUSPICIOUS_MOVE = YES;
				CLANG_WARN_UNGUARDED_AVAILABILITY = YES_AGGRESSIVE;
				CLANG_WARN_UNREACHABLE_CODE = YES;
				CLANG_WARN__DUPLICATE_METHOD_MATCH = YES;
				CODE_SIGN_IDENTITY = "iPhone Developer";
				COPY_PHASE_STRIP = NO;
				DEBUG_INFORMATION_FORMAT = dwarf;
				ENABLE_STRICT_OBJC_MSGSEND = YES;
				ENABLE_TESTABILITY = YES;
				GCC_C_LANGUAGE_STANDARD = gnu11;
				GCC_DYNAMIC_NO_PIC = NO;
				GCC_NO_COMMON_BLOCKS = YES;
				GCC_OPTIMIZATION_LEVEL = 0;
				GCC_PREPROCESSOR_DEFINITIONS = (
					"DEBUG=1",
					"$(inherited)",
				);
				GCC_WARN_64_TO_32_BIT_CONVERSION = YES;
				GCC_WARN_ABOUT_RETURN_TYPE = YES_ERROR;
				GCC_WARN_UNDECLARED_SELECTOR = YES;
				GCC_WARN_UNINITIALIZED_AUTOS = YES_AGGRESSIVE;
				GCC_WARN_UNUSED_FUNCTION = YES;
				GCC_WARN_UNUSED_VARIABLE = YES;
				IPHONEOS_DEPLOYMENT_TARGET = 11.0;
				MTL_ENABLE_DEBUG_INFO = YES;
				ONLY_ACTIVE_ARCH = YES;
				SDKROOT = iphoneos;
			};
			name = Debug;
		};
		823D277A1FA6CFA700532BD3 /* Release */ = {
			isa = XCBuildConfiguration;
			buildSettings = {
				ALWAYS_SEARCH_USER_PATHS = NO;
				CLANG_ANALYZER_NONNULL = YES;
				CLANG_ANALYZER_NUMBER_OBJECT_CONVERSION = YES_AGGRESSIVE;
				CLANG_CXX_LANGUAGE_STANDARD = "gnu++14";
				CLANG_CXX_LIBRARY = "libc++";
				CLANG_ENABLE_MODULES = YES;
				CLANG_ENABLE_OBJC_ARC = YES;
				CLANG_WARN_BLOCK_CAPTURE_AUTORELEASING = YES;
				CLANG_WARN_BOOL_CONVERSION = YES;
				CLANG_WARN_COMMA = YES;
				CLANG_WARN_CONSTANT_CONVERSION = YES;
				CLANG_WARN_DIRECT_OBJC_ISA_USAGE = YES_ERROR;
				CLANG_WARN_DOCUMENTATION_COMMENTS = YES;
				CLANG_WARN_EMPTY_BODY = YES;
				CLANG_WARN_ENUM_CONVERSION = YES;
				CLANG_WARN_INFINITE_RECURSION = YES;
				CLANG_WARN_INT_CONVERSION = YES;
				CLANG_WARN_NON_LITERAL_NULL_CONVERSION = YES;
				CLANG_WARN_OBJC_LITERAL_CONVERSION = YES;
				CLANG_WARN_OBJC_ROOT_CLASS = YES_ERROR;
				CLANG_WARN_RANGE_LOOP_ANALYSIS = YES;
				CLANG_WARN_STRICT_PROTOTYPES = YES;
				CLANG_WARN_SUSPICIOUS_MOVE = YES;
				CLANG_WARN_UNGUARDED_AVAILABILITY = YES_AGGRESSIVE;
				CLANG_WARN_UNREACHABLE_CODE = YES;
				CLANG_WARN__DUPLICATE_METHOD_MATCH = YES;
				CODE_SIGN_IDENTITY = "iPhone Developer";
				COPY_PHASE_STRIP = NO;
				DEBUG_INFORMATION_FORMAT = "dwarf-with-dsym";
				ENABLE_NS_ASSERTIONS = NO;
				ENABLE_STRICT_OBJC_MSGSEND = YES;
				GCC_C_LANGUAGE_STANDARD = gnu11;
				GCC_NO_COMMON_BLOCKS = YES;
				GCC_WARN_64_TO_32_BIT_CONVERSION = YES;
				GCC_WARN_ABOUT_RETURN_TYPE = YES_ERROR;
				GCC_WARN_UNDECLARED_SELECTOR = YES;
				GCC_WARN_UNINITIALIZED_AUTOS = YES_AGGRESSIVE;
				GCC_WARN_UNUSED_FUNCTION = YES;
				GCC_WARN_UNUSED_VARIABLE = YES;
				IPHONEOS_DEPLOYMENT_TARGET = 11.0;
				MTL_ENABLE_DEBUG_INFO = NO;
				SDKROOT = iphoneos;
				VALIDATE_PRODUCT = YES;
			};
			name = Release;
		};
		823D277C1FA6CFA700532BD3 /* Debug */ = {
			isa = XCBuildConfiguration;
			buildSettings = {
				ASSETCATALOG_COMPILER_APPICON_NAME = AppIcon;
				CODE_SIGN_STYLE = Automatic;
				DEVELOPMENT_TEAM = 3285T8BP88;
				INFOPLIST_FILE = DXFlatTableView/Info.plist;
				LD_RUNPATH_SEARCH_PATHS = "$(inherited) @executable_path/Frameworks";
				PRODUCT_BUNDLE_IDENTIFIER = super.DXFlatTableView;
				PRODUCT_NAME = "$(TARGET_NAME)";
				TARGETED_DEVICE_FAMILY = "1,2";
			};
			name = Debug;
		};
		823D277D1FA6CFA700532BD3 /* Release */ = {
			isa = XCBuildConfiguration;
			buildSettings = {
				ASSETCATALOG_COMPILER_APPICON_NAME = AppIcon;
				CODE_SIGN_STYLE = Automatic;
				DEVELOPMENT_TEAM = 3285T8BP88;
				INFOPLIST_FILE = DXFlatTableView/Info.plist;
				LD_RUNPATH_SEARCH_PATHS = "$(inherited) @executable_path/Frameworks";
				PRODUCT_BUNDLE_IDENTIFIER = super.DXFlatTableView;
				PRODUCT_NAME = "$(TARGET_NAME)";
				TARGETED_DEVICE_FAMILY = "1,2";
			};
			name = Release;
		};
		823D277F1FA6CFA700532BD3 /* Debug */ = {
			isa = XCBuildConfiguration;
			buildSettings = {
				BUNDLE_LOADER = "$(TEST_HOST)";
				CODE_SIGN_STYLE = Automatic;
				DEVELOPMENT_TEAM = 3285T8BP88;
				INFOPLIST_FILE = DXFlatTableViewTests/Info.plist;
				LD_RUNPATH_SEARCH_PATHS = "$(inherited) @executable_path/Frameworks @loader_path/Frameworks";
				PRODUCT_BUNDLE_IDENTIFIER = super.DXFlatTableViewTests;
				PRODUCT_NAME = "$(TARGET_NAME)";
				TARGETED_DEVICE_FAMILY = "1,2";
				TEST_HOST = "$(BUILT_PRODUCTS_DIR)/DXFlatTableView.app/DXFlatTableView";
			};
			name = Debug;
		};
		823D27801FA6CFA700532BD3 /* Release */ = {
			isa = XCBuildConfiguration;
			buildSettings = {
				BUNDLE_LOADER = "$(TEST_HOST)";
				CODE_SIGN_STYLE = Automatic;
				DEVELOPMENT_TEAM = 3285T8BP88;
				INFOPLIST_FILE = DXFlatTableViewTests/Info.plist;
				LD_RUNPATH_SEARCH_PATHS = "$(inherited) @executable_path/Frameworks @loader_path/Frameworks";
				PRODUCT_BUNDLE_IDENTIFIER = super.DXFlatTableViewTests;
				PRODUCT_NAME = "$(TARGET_NAME)";
				TARGETED_DEVICE_FAMILY = "1,2";
				TEST_HOST = "$(BUILT_PRODUCTS_DIR)/DXFlatTableView.app/DXFlatTableView";
			};
			name = Release;
		};
/* End XCBuildConfiguration section */

/* Begin XCConfigurationList section */
		823D27551FA6CFA700532BD3 /* Build configuration list for PBXProject "DXFlatTableView" */ = {
			isa = XCConfigurationList;
			buildConfigurations = (
				823D27791FA6CFA700532BD3 /* Debug */,
				823D277A1FA6CFA700532BD3 /* Release */,
			);
			defaultConfigurationIsVisible = 0;
			defaultConfigurationName = Release;
		};
		823D277B1FA6CFA700532BD3 /* Build configuration list for PBXNativeTarget "DXFlatTableView" */ = {
			isa = XCConfigurationList;
			buildConfigurations = (
				823D277C1FA6CFA700532BD3 /* Debug */,
				823D277D1FA6CFA700532BD3 /* Release */,
			);
			defaultConfigurationIsVisible = 0;
			defaultConfigurationName = Release;
		};
		823D277E1FA6CFA700532BD3 /* Build configuration list for PBXNativeTarget "DXFlatTableViewTests" */ = {
			isa = XCConfigurationList;
			buildConfigurations = (
				823D277F1FA6CFA700532BD3 /* Debug */,
				823D27801FA6CFA700532BD3 /* Release */,
			);
			defaultConfigurationIsVisible = 0;
			defaultConfigurationName = Release;
		};
/* End XCConfigurationList section */
	};
	rootObject = 823D27521FA6CFA700532BD3 /* Project object */;
}
